
Microsoft Visual Studio Solution File, Format Version 12.00
# Visual Studio Version 16
VisualStudioVersion = 16.0.29728.190
MinimumVisualStudioVersion = 10.0.40219.1
Project("{2150E333-8FDC-42A3-9474-1A3956D46DE8}") = "Microservices", "Microservices", "{53C9B008-1196-4D14-9B24-364FA72CE7F6}"
EndProject
Project("{2150E333-8FDC-42A3-9474-1A3956D46DE8}") = "Domain", "Domain", "{6303E4F5-0F68-43E0-849D-E9B604C8B703}"
EndProject
Project("{2150E333-8FDC-42A3-9474-1A3956D46DE8}") = "Infras.Bus", "Infras.Bus", "{5C4BAEE7-9CB4-4D8D-9FF0-C5EF8F6ACED8}"
EndProject
Project("{2150E333-8FDC-42A3-9474-1A3956D46DE8}") = "Infras.IoC", "Infras.IoC", "{703379C9-0D9A-4513-8CDF-F90158E7E02F}"
EndProject
Project("{2150E333-8FDC-42A3-9474-1A3956D46DE8}") = "Presentation", "Presentation", "{8E9BA13B-74CE-49A1-874D-30074609A464}"
EndProject
Project("{FAE04EC0-301F-11D3-BF4B-00C04F79EFBC}") = "MicroRabbit.Domain.Core", "MicroRabbit.Domain.Core\MicroRabbit.Domain.Core.csproj", "{231C6488-AEF9-4BA4-9E3D-BC2AA87D3B89}"
EndProject
Global
	GlobalSection(SolutionConfigurationPlatforms) = preSolution
		Debug|Any CPU = Debug|Any CPU
		Release|Any CPU = Release|Any CPU
	EndGlobalSection
	GlobalSection(ProjectConfigurationPlatforms) = postSolution
		{231C6488-AEF9-4BA4-9E3D-BC2AA87D3B89}.Debug|Any CPU.ActiveCfg = Debug|Any CPU
		{231C6488-AEF9-4BA4-9E3D-BC2AA87D3B89}.Debug|Any CPU.Build.0 = Debug|Any CPU
		{231C6488-AEF9-4BA4-9E3D-BC2AA87D3B89}.Release|Any CPU.ActiveCfg = Release|Any CPU
		{231C6488-AEF9-4BA4-9E3D-BC2AA87D3B89}.Release|Any CPU.Build.0 = Release|Any CPU
	EndGlobalSection
	GlobalSection(SolutionProperties) = preSolution
		HideSolutionNode = FALSE
	EndGlobalSection
	GlobalSection(NestedProjects) = preSolution
		{231C6488-AEF9-4BA4-9E3D-BC2AA87D3B89} = {6303E4F5-0F68-43E0-849D-E9B604C8B703}
	EndGlobalSection
	GlobalSection(ExtensibilityGlobals) = postSolution
		SolutionGuid = {E6B2EC56-80A0-4CE5-A3FD-0374309B9B0B}
	EndGlobalSection
EndGlobal
